// !$*UTF8*$!
{
	archiveVersion = 1;
	classes = {
	};
	objectVersion = 56;
	objects = {

/* Begin PBXBuildFile section */
		6443C5FB2C1E4DCF00D6765D /* Good_GreekApp.swift in Sources */ = {isa = PBXBuildFile; fileRef = 6443C5FA2C1E4DCF00D6765D /* Good_GreekApp.swift */; };
		6443C5FD2C1E4DCF00D6765D /* ContentView.swift in Sources */ = {isa = PBXBuildFile; fileRef = 6443C5FC2C1E4DCF00D6765D /* ContentView.swift */; };
		6443C5FF2C1E4DCF00D6765D /* Item.swift in Sources */ = {isa = PBXBuildFile; fileRef = 6443C5FE2C1E4DCF00D6765D /* Item.swift */; };
		6443C6012C1E4DD000D6765D /* Assets.xcassets in Resources */ = {isa = PBXBuildFile; fileRef = 6443C6002C1E4DD000D6765D /* Assets.xcassets */; };
		6443C6042C1E4DD000D6765D /* Preview Assets.xcassets in Resources */ = {isa = PBXBuildFile; fileRef = 6443C6032C1E4DD000D6765D /* Preview Assets.xcassets */; };
		6443C60E2C1E4DD000D6765D /* Good_GreekTests.swift in Sources */ = {isa = PBXBuildFile; fileRef = 6443C60D2C1E4DD000D6765D /* Good_GreekTests.swift */; };
		6443C6182C1E4DD000D6765D /* Good_GreekUITests.swift in Sources */ = {isa = PBXBuildFile; fileRef = 6443C6172C1E4DD000D6765D /* Good_GreekUITests.swift */; };
		6443C61A2C1E4DD000D6765D /* Good_GreekUITestsLaunchTests.swift in Sources */ = {isa = PBXBuildFile; fileRef = 6443C6192C1E4DD000D6765D /* Good_GreekUITestsLaunchTests.swift */; };
/* End PBXBuildFile section */

/* Begin PBXContainerItemProxy section */
		6443C60A2C1E4DD000D6765D /* PBXContainerItemProxy */ = {
			isa = PBXContainerItemProxy;
			containerPortal = 6443C5EF2C1E4DCE00D6765D /* Project object */;
			proxyType = 1;
			remoteGlobalIDString = 6443C5F62C1E4DCE00D6765D;
			remoteInfo = "Good Greek";
		};
		6443C6142C1E4DD000D6765D /* PBXContainerItemProxy */ = {
			isa = PBXContainerItemProxy;
			containerPortal = 6443C5EF2C1E4DCE00D6765D /* Project object */;
			proxyType = 1;
			remoteGlobalIDString = 6443C5F62C1E4DCE00D6765D;
			remoteInfo = "Good Greek";
		};
/* End PBXContainerItemProxy section */

/* Begin PBXFileReference section */
		6443C5F72C1E4DCF00D6765D /* Good Greek.app */ = {isa = PBXFileReference; explicitFileType = wrapper.application; includeInIndex = 0; path = "Good Greek.app"; sourceTree = BUILT_PRODUCTS_DIR; };
		6443C5FA2C1E4DCF00D6765D /* Good_GreekApp.swift */ = {isa = PBXFileReference; lastKnownFileType = sourcecode.swift; path = Good_GreekApp.swift; sourceTree = "<group>"; };
		6443C5FC2C1E4DCF00D6765D /* ContentView.swift */ = {isa = PBXFileReference; lastKnownFileType = sourcecode.swift; path = ContentView.swift; sourceTree = "<group>"; };
		6443C5FE2C1E4DCF00D6765D /* Item.swift */ = {isa = PBXFileReference; lastKnownFileType = sourcecode.swift; path = Item.swift; sourceTree = "<group>"; };
		6443C6002C1E4DD000D6765D /* Assets.xcassets */ = {isa = PBXFileReference; lastKnownFileType = folder.assetcatalog; path = Assets.xcassets; sourceTree = "<group>"; };
		6443C6032C1E4DD000D6765D /* Preview Assets.xcassets */ = {isa = PBXFileReference; lastKnownFileType = folder.assetcatalog; path = "Preview Assets.xcassets"; sourceTree = "<group>"; };
		6443C6092C1E4DD000D6765D /* Good GreekTests.xctest */ = {isa = PBXFileReference; explicitFileType = wrapper.cfbundle; includeInIndex = 0; path = "Good GreekTests.xctest"; sourceTree = BUILT_PRODUCTS_DIR; };
		6443C60D2C1E4DD000D6765D /* Good_GreekTests.swift */ = {isa = PBXFileReference; lastKnownFileType = sourcecode.swift; path = Good_GreekTests.swift; sourceTree = "<group>"; };
		6443C6132C1E4DD000D6765D /* Good GreekUITests.xctest */ = {isa = PBXFileReference; explicitFileType = wrapper.cfbundle; includeInIndex = 0; path = "Good GreekUITests.xctest"; sourceTree = BUILT_PRODUCTS_DIR; };
		6443C6172C1E4DD000D6765D /* Good_GreekUITests.swift */ = {isa = PBXFileReference; lastKnownFileType = sourcecode.swift; path = Good_GreekUITests.swift; sourceTree = "<group>"; };
		6443C6192C1E4DD000D6765D /* Good_GreekUITestsLaunchTests.swift */ = {isa = PBXFileReference; lastKnownFileType = sourcecode.swift; path = Good_GreekUITestsLaunchTests.swift; sourceTree = "<group>"; };
/* End PBXFileReference section */

/* Begin PBXFrameworksBuildPhase section */
		6443C5F42C1E4DCE00D6765D /* Frameworks */ = {
			isa = PBXFrameworksBuildPhase;
			buildActionMask = 2147483647;
			files = (
			);
			runOnlyForDeploymentPostprocessing = 0;
		};
		6443C6062C1E4DD000D6765D /* Frameworks */ = {
			isa = PBXFrameworksBuildPhase;
			buildActionMask = 2147483647;
			files = (
			);
			runOnlyForDeploymentPostprocessing = 0;
		};
		6443C6102C1E4DD000D6765D /* Frameworks */ = {
			isa = PBXFrameworksBuildPhase;
			buildActionMask = 2147483647;
			files = (
			);
			runOnlyForDeploymentPostprocessing = 0;
		};
/* End PBXFrameworksBuildPhase section */

/* Begin PBXGroup section */
		6443C5EE2C1E4DCE00D6765D = {
			isa = PBXGroup;
			children = (
				6443C5F92C1E4DCF00D6765D /* Good Greek */,
				6443C60C2C1E4DD000D6765D /* Good GreekTests */,
				6443C6162C1E4DD000D6765D /* Good GreekUITests */,
				6443C5F82C1E4DCF00D6765D /* Products */,
			);
			sourceTree = "<group>";
		};
		6443C5F82C1E4DCF00D6765D /* Products */ = {
			isa = PBXGroup;
			children = (
				6443C5F72C1E4DCF00D6765D /* Good Greek.app */,
				6443C6092C1E4DD000D6765D /* Good GreekTests.xctest */,
				6443C6132C1E4DD000D6765D /* Good GreekUITests.xctest */,
			);
			name = Products;
			sourceTree = "<group>";
		};
		6443C5F92C1E4DCF00D6765D /* Good Greek */ = {
			isa = PBXGroup;
			children = (
				6443C5FA2C1E4DCF00D6765D /* Good_GreekApp.swift */,
				6443C5FC2C1E4DCF00D6765D /* ContentView.swift */,
				6443C5FE2C1E4DCF00D6765D /* Item.swift */,
				6443C6002C1E4DD000D6765D /* Assets.xcassets */,
				6443C6022C1E4DD000D6765D /* Preview Content */,
			);
			path = "Good Greek";
			sourceTree = "<group>";
		};
		6443C6022C1E4DD000D6765D /* Preview Content */ = {
			isa = PBXGroup;
			children = (
				6443C6032C1E4DD000D6765D /* Preview Assets.xcassets */,
			);
			path = "Preview Content";
			sourceTree = "<group>";
		};
		6443C60C2C1E4DD000D6765D /* Good GreekTests */ = {
			isa = PBXGroup;
			children = (
				6443C60D2C1E4DD000D6765D /* Good_GreekTests.swift */,
			);
			path = "Good GreekTests";
			sourceTree = "<group>";
		};
		6443C6162C1E4DD000D6765D /* Good GreekUITests */ = {
			isa = PBXGroup;
			children = (
				6443C6172C1E4DD000D6765D /* Good_GreekUITests.swift */,
				6443C6192C1E4DD000D6765D /* Good_GreekUITestsLaunchTests.swift */,
			);
			path = "Good GreekUITests";
			sourceTree = "<group>";
		};
/* End PBXGroup section */

/* Begin PBXNativeTarget section */
		6443C5F62C1E4DCE00D6765D /* Good Greek */ = {
			isa = PBXNativeTarget;
			buildConfigurationList = 6443C61D2C1E4DD000D6765D /* Build configuration list for PBXNativeTarget "Good Greek" */;
			buildPhases = (
				6443C5F32C1E4DCE00D6765D /* Sources */,
				6443C5F42C1E4DCE00D6765D /* Frameworks */,
				6443C5F52C1E4DCE00D6765D /* Resources */,
			);
			buildRules = (
			);
			dependencies = (
			);
			name = "Good Greek";
			productName = "Good Greek";
			productReference = 6443C5F72C1E4DCF00D6765D /* Good Greek.app */;
			productType = "com.apple.product-type.application";
		};
		6443C6082C1E4DD000D6765D /* Good GreekTests */ = {
			isa = PBXNativeTarget;
			buildConfigurationList = 6443C6202C1E4DD000D6765D /* Build configuration list for PBXNativeTarget "Good GreekTests" */;
			buildPhases = (
				6443C6052C1E4DD000D6765D /* Sources */,
				6443C6062C1E4DD000D6765D /* Frameworks */,
				6443C6072C1E4DD000D6765D /* Resources */,
			);
			buildRules = (
			);
			dependencies = (
				6443C60B2C1E4DD000D6765D /* PBXTargetDependency */,
			);
			name = "Good GreekTests";
			productName = "Good GreekTests";
			productReference = 6443C6092C1E4DD000D6765D /* Good GreekTests.xctest */;
			productType = "com.apple.product-type.bundle.unit-test";
		};
		6443C6122C1E4DD000D6765D /* Good GreekUITests */ = {
			isa = PBXNativeTarget;
			buildConfigurationList = 6443C6232C1E4DD000D6765D /* Build configuration list for PBXNativeTarget "Good GreekUITests" */;
			buildPhases = (
				6443C60F2C1E4DD000D6765D /* Sources */,
				6443C6102C1E4DD000D6765D /* Frameworks */,
				6443C6112C1E4DD000D6765D /* Resources */,
			);
			buildRules = (
			);
			dependencies = (
				6443C6152C1E4DD000D6765D /* PBXTargetDependency */,
			);
			name = "Good GreekUITests";
			productName = "Good GreekUITests";
			productReference = 6443C6132C1E4DD000D6765D /* Good GreekUITests.xctest */;
			productType = "com.apple.product-type.bundle.ui-testing";
		};
/* End PBXNativeTarget section */

/* Begin PBXProject section */
		6443C5EF2C1E4DCE00D6765D /* Project object */ = {
			isa = PBXProject;
			attributes = {
				BuildIndependentTargetsInParallel = 1;
				LastSwiftUpdateCheck = 1540;
				LastUpgradeCheck = 1540;
				TargetAttributes = {
					6443C5F62C1E4DCE00D6765D = {
						CreatedOnToolsVersion = 15.4;
					};
					6443C6082C1E4DD000D6765D = {
						CreatedOnToolsVersion = 15.4;
						TestTargetID = 6443C5F62C1E4DCE00D6765D;
					};
					6443C6122C1E4DD000D6765D = {
						CreatedOnToolsVersion = 15.4;
						TestTargetID = 6443C5F62C1E4DCE00D6765D;
					};
				};
			};
			buildConfigurationList = 6443C5F22C1E4DCE00D6765D /* Build configuration list for PBXProject "Good Greek" */;
			compatibilityVersion = "Xcode 14.0";
			developmentRegion = en;
			hasScannedForEncodings = 0;
			knownRegions = (
				en,
				Base,
			);
			mainGroup = 6443C5EE2C1E4DCE00D6765D;
			productRefGroup = 6443C5F82C1E4DCF00D6765D /* Products */;
			projectDirPath = "";
			projectRoot = "";
			targets = (
				6443C5F62C1E4DCE00D6765D /* Good Greek */,
				6443C6082C1E4DD000D6765D /* Good GreekTests */,
				6443C6122C1E4DD000D6765D /* Good GreekUITests */,
			);
		};
/* End PBXProject section */

/* Begin PBXResourcesBuildPhase section */
		6443C5F52C1E4DCE00D6765D /* Resources */ = {
			isa = PBXResourcesBuildPhase;
			buildActionMask = 2147483647;
			files = (
				6443C6042C1E4DD000D6765D /* Preview Assets.xcassets in Resources */,
				6443C6012C1E4DD000D6765D /* Assets.xcassets in Resources */,
			);
			runOnlyForDeploymentPostprocessing = 0;
		};
		6443C6072C1E4DD000D6765D /* Resources */ = {
			isa = PBXResourcesBuildPhase;
			buildActionMask = 2147483647;
			files = (
			);
			runOnlyForDeploymentPostprocessing = 0;
		};
		6443C6112C1E4DD000D6765D /* Resources */ = {
			isa = PBXResourcesBuildPhase;
			buildActionMask = 2147483647;
			files = (
			);
			runOnlyForDeploymentPostprocessing = 0;
		};
/* End PBXResourcesBuildPhase section */

/* Begin PBXSourcesBuildPhase section */
		6443C5F32C1E4DCE00D6765D /* Sources */ = {
			isa = PBXSourcesBuildPhase;
			buildActionMask = 2147483647;
			files = (
				6443C5FD2C1E4DCF00D6765D /* ContentView.swift in Sources */,
				6443C5FF2C1E4DCF00D6765D /* Item.swift in Sources */,
				6443C5FB2C1E4DCF00D6765D /* Good_GreekApp.swift in Sources */,
			);
			runOnlyForDeploymentPostprocessing = 0;
		};
		6443C6052C1E4DD000D6765D /* Sources */ = {
			isa = PBXSourcesBuildPhase;
			buildActionMask = 2147483647;
			files = (
				6443C60E2C1E4DD000D6765D /* Good_GreekTests.swift in Sources */,
			);
			runOnlyForDeploymentPostprocessing = 0;
		};
		6443C60F2C1E4DD000D6765D /* Sources */ = {
			isa = PBXSourcesBuildPhase;
			buildActionMask = 2147483647;
			files = (
				6443C61A2C1E4DD000D6765D /* Good_GreekUITestsLaunchTests.swift in Sources */,
				6443C6182C1E4DD000D6765D /* Good_GreekUITests.swift in Sources */,
			);
			runOnlyForDeploymentPostprocessing = 0;
		};
/* End PBXSourcesBuildPhase section */

/* Begin PBXTargetDependency section */
		6443C60B2C1E4DD000D6765D /* PBXTargetDependency */ = {
			isa = PBXTargetDependency;
			target = 6443C5F62C1E4DCE00D6765D /* Good Greek */;
			targetProxy = 6443C60A2C1E4DD000D6765D /* PBXContainerItemProxy */;
		};
		6443C6152C1E4DD000D6765D /* PBXTargetDependency */ = {
			isa = PBXTargetDependency;
			target = 6443C5F62C1E4DCE00D6765D /* Good Greek */;
			targetProxy = 6443C6142C1E4DD000D6765D /* PBXContainerItemProxy */;
		};
/* End PBXTargetDependency section */

/* Begin XCBuildConfiguration section */
		6443C61B2C1E4DD000D6765D /* Debug */ = {
			isa = XCBuildConfiguration;
			buildSettings = {
				ALWAYS_SEARCH_USER_PATHS = NO;
				ASSETCATALOG_COMPILER_GENERATE_SWIFT_ASSET_SYMBOL_EXTENSIONS = YES;
				CLANG_ANALYZER_NONNULL = YES;
				CLANG_ANALYZER_NUMBER_OBJECT_CONVERSION = YES_AGGRESSIVE;
				CLANG_CXX_LANGUAGE_STANDARD = "gnu++20";
				CLANG_ENABLE_MODULES = YES;
				CLANG_ENABLE_OBJC_ARC = YES;
				CLANG_ENABLE_OBJC_WEAK = YES;
				CLANG_WARN_BLOCK_CAPTURE_AUTORELEASING = YES;
				CLANG_WARN_BOOL_CONVERSION = YES;
				CLANG_WARN_COMMA = YES;
				CLANG_WARN_CONSTANT_CONVERSION = YES;
				CLANG_WARN_DEPRECATED_OBJC_IMPLEMENTATIONS = YES;
				CLANG_WARN_DIRECT_OBJC_ISA_USAGE = YES_ERROR;
				CLANG_WARN_DOCUMENTATION_COMMENTS = YES;
				CLANG_WARN_EMPTY_BODY = YES;
				CLANG_WARN_ENUM_CONVERSION = YES;
				CLANG_WARN_INFINITE_RECURSION = YES;
				CLANG_WARN_INT_CONVERSION = YES;
				CLANG_WARN_NON_LITERAL_NULL_CONVERSION = YES;
				CLANG_WARN_OBJC_IMPLICIT_RETAIN_SELF = YES;
				CLANG_WARN_OBJC_LITERAL_CONVERSION = YES;
				CLANG_WARN_OBJC_ROOT_CLASS = YES_ERROR;
				CLANG_WARN_QUOTED_INCLUDE_IN_FRAMEWORK_HEADER = YES;
				CLANG_WARN_RANGE_LOOP_ANALYSIS = YES;
				CLANG_WARN_STRICT_PROTOTYPES = YES;
				CLANG_WARN_SUSPICIOUS_MOVE = YES;
				CLANG_WARN_UNGUARDED_AVAILABILITY = YES_AGGRESSIVE;
				CLANG_WARN_UNREACHABLE_CODE = YES;
				CLANG_WARN__DUPLICATE_METHOD_MATCH = YES;
				COPY_PHASE_STRIP = NO;
				DEBUG_INFORMATION_FORMAT = dwarf;
				ENABLE_STRICT_OBJC_MSGSEND = YES;
				ENABLE_TESTABILITY = YES;
				ENABLE_USER_SCRIPT_SANDBOXING = YES;
				GCC_C_LANGUAGE_STANDARD = gnu17;
				GCC_DYNAMIC_NO_PIC = NO;
				GCC_NO_COMMON_BLOCKS = YES;
				GCC_OPTIMIZATION_LEVEL = 0;
				GCC_PREPROCESSOR_DEFINITIONS = (
					"DEBUG=1",
					"$(inherited)",
				);
				GCC_WARN_64_TO_32_BIT_CONVERSION = YES;
				GCC_WARN_ABOUT_RETURN_TYPE = YES_ERROR;
				GCC_WARN_UNDECLARED_SELECTOR = YES;
				GCC_WARN_UNINITIALIZED_AUTOS = YES_AGGRESSIVE;
				GCC_WARN_UNUSED_FUNCTION = YES;
				GCC_WARN_UNUSED_VARIABLE = YES;
				IPHONEOS_DEPLOYMENT_TARGET = 17.5;
				LOCALIZATION_PREFERS_STRING_CATALOGS = YES;
				MTL_ENABLE_DEBUG_INFO = INCLUDE_SOURCE;
				MTL_FAST_MATH = YES;
				ONLY_ACTIVE_ARCH = YES;
				SDKROOT = iphoneos;
				SWIFT_ACTIVE_COMPILATION_CONDITIONS = "DEBUG $(inherited)";
				SWIFT_OPTIMIZATION_LEVEL = "-Onone";
			};
			name = Debug;
		};
		6443C61C2C1E4DD000D6765D /* Release */ = {
			isa = XCBuildConfiguration;
			buildSettings = {
				ALWAYS_SEARCH_USER_PATHS = NO;
				ASSETCATALOG_COMPILER_GENERATE_SWIFT_ASSET_SYMBOL_EXTENSIONS = YES;
				CLANG_ANALYZER_NONNULL = YES;
				CLANG_ANALYZER_NUMBER_OBJECT_CONVERSION = YES_AGGRESSIVE;
				CLANG_CXX_LANGUAGE_STANDARD = "gnu++20";
				CLANG_ENABLE_MODULES = YES;
				CLANG_ENABLE_OBJC_ARC = YES;
				CLANG_ENABLE_OBJC_WEAK = YES;
				CLANG_WARN_BLOCK_CAPTURE_AUTORELEASING = YES;
				CLANG_WARN_BOOL_CONVERSION = YES;
				CLANG_WARN_COMMA = YES;
				CLANG_WARN_CONSTANT_CONVERSION = YES;
				CLANG_WARN_DEPRECATED_OBJC_IMPLEMENTATIONS = YES;
				CLANG_WARN_DIRECT_OBJC_ISA_USAGE = YES_ERROR;
				CLANG_WARN_DOCUMENTATION_COMMENTS = YES;
				CLANG_WARN_EMPTY_BODY = YES;
				CLANG_WARN_ENUM_CONVERSION = YES;
				CLANG_WARN_INFINITE_RECURSION = YES;
				CLANG_WARN_INT_CONVERSION = YES;
				CLANG_WARN_NON_LITERAL_NULL_CONVERSION = YES;
				CLANG_WARN_OBJC_IMPLICIT_RETAIN_SELF = YES;
				CLANG_WARN_OBJC_LITERAL_CONVERSION = YES;
				CLANG_WARN_OBJC_ROOT_CLASS = YES_ERROR;
				CLANG_WARN_QUOTED_INCLUDE_IN_FRAMEWORK_HEADER = YES;
				CLANG_WARN_RANGE_LOOP_ANALYSIS = YES;
				CLANG_WARN_STRICT_PROTOTYPES = YES;
				CLANG_WARN_SUSPICIOUS_MOVE = YES;
				CLANG_WARN_UNGUARDED_AVAILABILITY = YES_AGGRESSIVE;
				CLANG_WARN_UNREACHABLE_CODE = YES;
				CLANG_WARN__DUPLICATE_METHOD_MATCH = YES;
				COPY_PHASE_STRIP = NO;
				DEBUG_INFORMATION_FORMAT = "dwarf-with-dsym";
				ENABLE_NS_ASSERTIONS = NO;
				ENABLE_STRICT_OBJC_MSGSEND = YES;
				ENABLE_USER_SCRIPT_SANDBOXING = YES;
				GCC_C_LANGUAGE_STANDARD = gnu17;
				GCC_NO_COMMON_BLOCKS = YES;
				GCC_WARN_64_TO_32_BIT_CONVERSION = YES;
				GCC_WARN_ABOUT_RETURN_TYPE = YES_ERROR;
				GCC_WARN_UNDECLARED_SELECTOR = YES;
				GCC_WARN_UNINITIALIZED_AUTOS = YES_AGGRESSIVE;
				GCC_WARN_UNUSED_FUNCTION = YES;
				GCC_WARN_UNUSED_VARIABLE = YES;
				IPHONEOS_DEPLOYMENT_TARGET = 17.5;
				LOCALIZATION_PREFERS_STRING_CATALOGS = YES;
				MTL_ENABLE_DEBUG_INFO = NO;
				MTL_FAST_MATH = YES;
				SDKROOT = iphoneos;
				SWIFT_COMPILATION_MODE = wholemodule;
				VALIDATE_PRODUCT = YES;
			};
			name = Release;
		};
		6443C61E2C1E4DD000D6765D /* Debug */ = {
			isa = XCBuildConfiguration;
			buildSettings = {
				ASSETCATALOG_COMPILER_APPICON_NAME = AppIcon;
				ASSETCATALOG_COMPILER_GLOBAL_ACCENT_COLOR_NAME = AccentColor;
				CODE_SIGN_STYLE = Automatic;
				CURRENT_PROJECT_VERSION = 1;
				DEVELOPMENT_ASSET_PATHS = "\"Good Greek/Preview Content\"";
				ENABLE_PREVIEWS = YES;
				GENERATE_INFOPLIST_FILE = YES;
				INFOPLIST_KEY_UIApplicationSceneManifest_Generation = YES;
				INFOPLIST_KEY_UIApplicationSupportsIndirectInputEvents = YES;
				INFOPLIST_KEY_UILaunchScreen_Generation = YES;
				INFOPLIST_KEY_UISupportedInterfaceOrientations_iPad = "UIInterfaceOrientationPortrait UIInterfaceOrientationPortraitUpsideDown UIInterfaceOrientationLandscapeLeft UIInterfaceOrientationLandscapeRight";
				INFOPLIST_KEY_UISupportedInterfaceOrientations_iPhone = "UIInterfaceOrientationPortrait UIInterfaceOrientationLandscapeLeft UIInterfaceOrientationLandscapeRight";
				LD_RUNPATH_SEARCH_PATHS = (
					"$(inherited)",
					"@executable_path/Frameworks",
				);
				MARKETING_VERSION = 1.0;
				PRODUCT_BUNDLE_IDENTIFIER = "GoodGreek.Good-Greek";
				PRODUCT_NAME = "$(TARGET_NAME)";
				SWIFT_EMIT_LOC_STRINGS = YES;
				SWIFT_VERSION = 5.0;
				TARGETED_DEVICE_FAMILY = "1,2";
			};
			name = Debug;
		};
		6443C61F2C1E4DD000D6765D /* Release */ = {
			isa = XCBuildConfiguration;
			buildSettings = {
				ASSETCATALOG_COMPILER_APPICON_NAME = AppIcon;
				ASSETCATALOG_COMPILER_GLOBAL_ACCENT_COLOR_NAME = AccentColor;
				CODE_SIGN_STYLE = Automatic;
				CURRENT_PROJECT_VERSION = 1;
				DEVELOPMENT_ASSET_PATHS = "\"Good Greek/Preview Content\"";
				ENABLE_PREVIEWS = YES;
				GENERATE_INFOPLIST_FILE = YES;
				INFOPLIST_KEY_UIApplicationSceneManifest_Generation = YES;
				INFOPLIST_KEY_UIApplicationSupportsIndirectInputEvents = YES;
				INFOPLIST_KEY_UILaunchScreen_Generation = YES;
				INFOPLIST_KEY_UISupportedInterfaceOrientations_iPad = "UIInterfaceOrientationPortrait UIInterfaceOrientationPortraitUpsideDown UIInterfaceOrientationLandscapeLeft UIInterfaceOrientationLandscapeRight";
				INFOPLIST_KEY_UISupportedInterfaceOrientations_iPhone = "UIInterfaceOrientationPortrait UIInterfaceOrientationLandscapeLeft UIInterfaceOrientationLandscapeRight";
				LD_RUNPATH_SEARCH_PATHS = (
					"$(inherited)",
					"@executable_path/Frameworks",
				);
				MARKETING_VERSION = 1.0;
				PRODUCT_BUNDLE_IDENTIFIER = "GoodGreek.Good-Greek";
				PRODUCT_NAME = "$(TARGET_NAME)";
				SWIFT_EMIT_LOC_STRINGS = YES;
				SWIFT_VERSION = 5.0;
				TARGETED_DEVICE_FAMILY = "1,2";
			};
			name = Release;
		};
		6443C6212C1E4DD000D6765D /* Debug */ = {
			isa = XCBuildConfiguration;
			buildSettings = {
				ALWAYS_EMBED_SWIFT_STANDARD_LIBRARIES = YES;
				BUNDLE_LOADER = "$(TEST_HOST)";
				CODE_SIGN_STYLE = Automatic;
				CURRENT_PROJECT_VERSION = 1;
				GENERATE_INFOPLIST_FILE = YES;
				IPHONEOS_DEPLOYMENT_TARGET = 17.5;
				MARKETING_VERSION = 1.0;
				PRODUCT_BUNDLE_IDENTIFIER = "GoodGreek.Good-GreekTests";
				PRODUCT_NAME = "$(TARGET_NAME)";
				SWIFT_EMIT_LOC_STRINGS = NO;
				SWIFT_VERSION = 5.0;
				TARGETED_DEVICE_FAMILY = "1,2";
				TEST_HOST = "$(BUILT_PRODUCTS_DIR)/Good Greek.app/$(BUNDLE_EXECUTABLE_FOLDER_PATH)/Good Greek";
			};
			name = Debug;
		};
		6443C6222C1E4DD000D6765D /* Release */ = {
			isa = XCBuildConfiguration;
			buildSettings = {
				ALWAYS_EMBED_SWIFT_STANDARD_LIBRARIES = YES;
				BUNDLE_LOADER = "$(TEST_HOST)";
				CODE_SIGN_STYLE = Automatic;
				CURRENT_PROJECT_VERSION = 1;
				GENERATE_INFOPLIST_FILE = YES;
				IPHONEOS_DEPLOYMENT_TARGET = 17.5;
				MARKETING_VERSION = 1.0;
				PRODUCT_BUNDLE_IDENTIFIER = "GoodGreek.Good-GreekTests";
				PRODUCT_NAME = "$(TARGET_NAME)";
				SWIFT_EMIT_LOC_STRINGS = NO;
				SWIFT_VERSION = 5.0;
				TARGETED_DEVICE_FAMILY = "1,2";
				TEST_HOST = "$(BUILT_PRODUCTS_DIR)/Good Greek.app/$(BUNDLE_EXECUTABLE_FOLDER_PATH)/Good Greek";
			};
			name = Release;
		};
		6443C6242C1E4DD000D6765D /* Debug */ = {
			isa = XCBuildConfiguration;
			buildSettings = {
				ALWAYS_EMBED_SWIFT_STANDARD_LIBRARIES = YES;
				CODE_SIGN_STYLE = Automatic;
				CURRENT_PROJECT_VERSION = 1;
				GENERATE_INFOPLIST_FILE = YES;
				MARKETING_VERSION = 1.0;
				PRODUCT_BUNDLE_IDENTIFIER = "GoodGreek.Good-GreekUITests";
				PRODUCT_NAME = "$(TARGET_NAME)";
				SWIFT_EMIT_LOC_STRINGS = NO;
				SWIFT_VERSION = 5.0;
				TARGETED_DEVICE_FAMILY = "1,2";
				TEST_TARGET_NAME = "Good Greek";
			};
			name = Debug;
		};
		6443C6252C1E4DD000D6765D /* Release */ = {
			isa = XCBuildConfiguration;
			buildSettings = {
				ALWAYS_EMBED_SWIFT_STANDARD_LIBRARIES = YES;
				CODE_SIGN_STYLE = Automatic;
				CURRENT_PROJECT_VERSION = 1;
				GENERATE_INFOPLIST_FILE = YES;
				MARKETING_VERSION = 1.0;
				PRODUCT_BUNDLE_IDENTIFIER = "GoodGreek.Good-GreekUITests";
				PRODUCT_NAME = "$(TARGET_NAME)";
				SWIFT_EMIT_LOC_STRINGS = NO;
				SWIFT_VERSION = 5.0;
				TARGETED_DEVICE_FAMILY = "1,2";
				TEST_TARGET_NAME = "Good Greek";
			};
			name = Release;
		};
/* End XCBuildConfiguration section */

/* Begin XCConfigurationList section */
		6443C5F22C1E4DCE00D6765D /* Build configuration list for PBXProject "Good Greek" */ = {
			isa = XCConfigurationList;
			buildConfigurations = (
				6443C61B2C1E4DD000D6765D /* Debug */,
				6443C61C2C1E4DD000D6765D /* Release */,
			);
			defaultConfigurationIsVisible = 0;
			defaultConfigurationName = Release;
		};
		6443C61D2C1E4DD000D6765D /* Build configuration list for PBXNativeTarget "Good Greek" */ = {
			isa = XCConfigurationList;
			buildConfigurations = (
				6443C61E2C1E4DD000D6765D /* Debug */,
				6443C61F2C1E4DD000D6765D /* Release */,
			);
			defaultConfigurationIsVisible = 0;
			defaultConfigurationName = Release;
		};
		6443C6202C1E4DD000D6765D /* Build configuration list for PBXNativeTarget "Good GreekTests" */ = {
			isa = XCConfigurationList;
			buildConfigurations = (
				6443C6212C1E4DD000D6765D /* Debug */,
				6443C6222C1E4DD000D6765D /* Release */,
			);
			defaultConfigurationIsVisible = 0;
			defaultConfigurationName = Release;
		};
		6443C6232C1E4DD000D6765D /* Build configuration list for PBXNativeTarget "Good GreekUITests" */ = {
			isa = XCConfigurationList;
			buildConfigurations = (
				6443C6242C1E4DD000D6765D /* Debug */,
				6443C6252C1E4DD000D6765D /* Release */,
			);
			defaultConfigurationIsVisible = 0;
			defaultConfigurationName = Release;
		};
/* End XCConfigurationList section */
	};
	rootObject = 6443C5EF2C1E4DCE00D6765D /* Project object */;
}
